# This file is automatically @generated by Cargo.
# It is not intended for manual editing.
version = 3

[[package]]
name = "lcd_widget"
version = "0.1.0"
dependencies = [
 "sagebox",
]

[[package]]
name = "lcd_widget_full"
version = "0.1.0"
dependencies = [
 "lcd_widget",
 "sagebox",
]

[[package]]
name = "sagebox"
version = "0.1.0"
